
Microsoft Visual Studio Solution File, Format Version 12.00
# Visual Studio Version 16
VisualStudioVersion = 16.0.30225.117
MinimumVisualStudioVersion = 10.0.40219.1
Project("{6EC3EE1D-3C4E-46DD-8F32-0CC8E7565705}") = "Frontend", "Frontend\Frontend.fsproj", "{A427E247-30A1-40E4-B2C7-2BED254B791D}"
EndProject
Project("{9A19103F-16F7-4668-BE54-9A1E7A4F7556}") = "Ooui", "Ooui\Ooui\Ooui.csproj", "{E9168285-EC09-44EB-A52E-8A22732839E6}"
EndProject
Project("{9A19103F-16F7-4668-BE54-9A1E7A4F7556}") = "Ooui.Forms", "Ooui\Ooui.Forms\Ooui.Forms.csproj", "{7C493C71-9C77-4446-8AB9-9224883E67AB}"
EndProject
Project("{9A19103F-16F7-4668-BE54-9A1E7A4F7556}") = "Ooui.Wasm.Build.Tasks", "Ooui\Ooui.Wasm.Build.Tasks\Ooui.Wasm.Build.Tasks.csproj", "{3193BB0C-F8F1-4CF7-805B-9CA59851CD82}"
EndProject
Project("{2150E333-8FDC-42A3-9474-1A3956D46DE8}") = "Solution Items", "Solution Items", "{82739CEB-84D1-41AE-8363-BEDA2262D181}"
	ProjectSection(SolutionItems) = preProject
		README.md = README.md
	EndProjectSection
EndProject
Project("{6EC3EE1D-3C4E-46DD-8F32-0CC8E7565705}") = "GWallet.Backend.NetStandard", "geewallet\src\GWallet.Backend.NetStandard\GWallet.Backend.NetStandard.fsproj", "{2826D737-D8AE-4F32-ACE6-1037F3AB5DE6}"
EndProject
Project("{6EC3EE1D-3C4E-46DD-8F32-0CC8E7565705}") = "GWallet.Frontend.XF", "geewallet\src\GWallet.Frontend.XF\GWallet.Frontend.XF.fsproj", "{DEC1158B-5926-40D7-8A85-9694AE0A0256}"
EndProject
Global
	GlobalSection(SolutionConfigurationPlatforms) = preSolution
		Debug|Any CPU = Debug|Any CPU
		Release|Any CPU = Release|Any CPU
	EndGlobalSection
	GlobalSection(ProjectConfigurationPlatforms) = postSolution
		{A427E247-30A1-40E4-B2C7-2BED254B791D}.Debug|Any CPU.ActiveCfg = Debug|Any CPU
		{A427E247-30A1-40E4-B2C7-2BED254B791D}.Debug|Any CPU.Build.0 = Debug|Any CPU
		{A427E247-30A1-40E4-B2C7-2BED254B791D}.Release|Any CPU.ActiveCfg = Release|Any CPU
		{A427E247-30A1-40E4-B2C7-2BED254B791D}.Release|Any CPU.Build.0 = Release|Any CPU
		{E9168285-EC09-44EB-A52E-8A22732839E6}.Debug|Any CPU.ActiveCfg = Debug|Any CPU
		{E9168285-EC09-44EB-A52E-8A22732839E6}.Debug|Any CPU.Build.0 = Debug|Any CPU
		{E9168285-EC09-44EB-A52E-8A22732839E6}.Release|Any CPU.ActiveCfg = Release|Any CPU
		{E9168285-EC09-44EB-A52E-8A22732839E6}.Release|Any CPU.Build.0 = Release|Any CPU
		{7C493C71-9C77-4446-8AB9-9224883E67AB}.Debug|Any CPU.ActiveCfg = Debug|Any CPU
		{7C493C71-9C77-4446-8AB9-9224883E67AB}.Debug|Any CPU.Build.0 = Debug|Any CPU
		{7C493C71-9C77-4446-8AB9-9224883E67AB}.Release|Any CPU.ActiveCfg = Release|Any CPU
		{7C493C71-9C77-4446-8AB9-9224883E67AB}.Release|Any CPU.Build.0 = Release|Any CPU
		{3193BB0C-F8F1-4CF7-805B-9CA59851CD82}.Debug|Any CPU.ActiveCfg = Debug|Any CPU
		{3193BB0C-F8F1-4CF7-805B-9CA59851CD82}.Debug|Any CPU.Build.0 = Debug|Any CPU
		{3193BB0C-F8F1-4CF7-805B-9CA59851CD82}.Release|Any CPU.ActiveCfg = Release|Any CPU
		{3193BB0C-F8F1-4CF7-805B-9CA59851CD82}.Release|Any CPU.Build.0 = Release|Any CPU
		{2826D737-D8AE-4F32-ACE6-1037F3AB5DE6}.Debug|Any CPU.ActiveCfg = Debug|Any CPU
		{2826D737-D8AE-4F32-ACE6-1037F3AB5DE6}.Debug|Any CPU.Build.0 = Debug|Any CPU
		{2826D737-D8AE-4F32-ACE6-1037F3AB5DE6}.Release|Any CPU.ActiveCfg = Release|Any CPU
		{2826D737-D8AE-4F32-ACE6-1037F3AB5DE6}.Release|Any CPU.Build.0 = Release|Any CPU
		{DEC1158B-5926-40D7-8A85-9694AE0A0256}.Debug|Any CPU.ActiveCfg = Debug|Any CPU
		{DEC1158B-5926-40D7-8A85-9694AE0A0256}.Debug|Any CPU.Build.0 = Debug|Any CPU
		{DEC1158B-5926-40D7-8A85-9694AE0A0256}.Release|Any CPU.ActiveCfg = Release|Any CPU
		{DEC1158B-5926-40D7-8A85-9694AE0A0256}.Release|Any CPU.Build.0 = Release|Any CPU
	EndGlobalSection
	GlobalSection(SolutionProperties) = preSolution
		HideSolutionNode = FALSE
	EndGlobalSection
	GlobalSection(ExtensibilityGlobals) = postSolution
		SolutionGuid = {BB51C8BB-9B5E-4D72-8C2F-8A8D7460273D}
	EndGlobalSection
EndGlobal
